
Microsoft Visual Studio Solution File, Format Version 12.00
# Visual Studio Version 17
VisualStudioVersion = 17.3.32922.545
MinimumVisualStudioVersion = 10.0.40219.1
Project("{2150E333-8FDC-42A3-9474-1A3956D46DE8}") = "Services", "Services", "{4CD5D3D6-1BA7-41D0-9CB2-7855B0D5F718}"
EndProject
Project("{2150E333-8FDC-42A3-9474-1A3956D46DE8}") = "Catalog", "Catalog", "{AB8DC975-DC4D-4EC3-A40D-D43B51A395B1}"
EndProject
Project("{2150E333-8FDC-42A3-9474-1A3956D46DE8}") = "Solution Items", "Solution Items", "{BE7FB66B-7043-4B65-B2A7-FCCE6A285F07}"
	ProjectSection(SolutionItems) = preProject
		Solution Items\Port.txt = Solution Items\Port.txt
	EndProjectSection
EndProject
Project("{2150E333-8FDC-42A3-9474-1A3956D46DE8}") = "Shared", "Shared", "{2DCAA287-C2DA-439B-BEAB-159710737F38}"
EndProject
Project("{2150E333-8FDC-42A3-9474-1A3956D46DE8}") = "IdentityServer", "IdentityServer", "{A6529704-2D1A-4AEA-BF3F-E2D00C7D1F9F}"
EndProject
Project("{9A19103F-16F7-4668-BE54-9A1E7A4F7556}") = "FreeCourse.IdentityServer", "IndetityServer\FreeCourse.IdentityServer\FreeCourse.IdentityServer.csproj", "{F23AC392-8BFB-4F31-BEF1-4D7E843AA9FE}"
EndProject
Project("{9A19103F-16F7-4668-BE54-9A1E7A4F7556}") = "FreeCourse.Shared", "Shared\FreeCourse.Shared\FreeCourse.Shared.csproj", "{BF8AF2E3-B0E3-47F2-BFE5-4EB53E3F9777}"
EndProject
Project("{9A19103F-16F7-4668-BE54-9A1E7A4F7556}") = "FreeCourse.Services.Catalog", "Services\Catalog\FreeCourse.Services.Catalog\FreeCourse.Services.Catalog.csproj", "{EFC5C3F3-266C-4B82-A348-03E15FFC2DC2}"
EndProject
Project("{2150E333-8FDC-42A3-9474-1A3956D46DE8}") = "PhotoStock", "PhotoStock", "{5C517287-8132-425E-9CB1-B902CC563FAA}"
EndProject
Project("{9A19103F-16F7-4668-BE54-9A1E7A4F7556}") = "FreeCourse.Services.PhotoStock", "Services\PhotoStock\FreeCourse.Services.PhotoStock\FreeCourse.Services.PhotoStock.csproj", "{214BFDB6-D6AD-4308-91E0-7B3A0C09ACCD}"
EndProject
Project("{2150E333-8FDC-42A3-9474-1A3956D46DE8}") = "Basket", "Basket", "{B0AFB315-2BFA-44A4-8CC7-87586A02A5BC}"
EndProject
Project("{9A19103F-16F7-4668-BE54-9A1E7A4F7556}") = "FreeCourse.Services.Basket", "Services\Basket\FreeCourse.Services.Basket\FreeCourse.Services.Basket.csproj", "{2F5A32A0-007F-4A7D-8E11-88C5C5AE40F4}"
EndProject
Project("{2150E333-8FDC-42A3-9474-1A3956D46DE8}") = "Discount", "Discount", "{2E277017-4A20-4A5F-A628-CF8BDFAE6E92}"
EndProject
Project("{9A19103F-16F7-4668-BE54-9A1E7A4F7556}") = "FreeCourse.Services.Discount", "Services\Discount\FreeCourse.Services.Discount\FreeCourse.Services.Discount.csproj", "{A4BF555D-C616-4C6B-B66C-29854EC8EF7C}"
EndProject
Project("{2150E333-8FDC-42A3-9474-1A3956D46DE8}") = "Order", "Order", "{A02BAC11-ABF3-498B-9F25-7259CF7DC8BF}"
EndProject
Project("{FAE04EC0-301F-11D3-BF4B-00C04F79EFBC}") = "FreeCourse.Services.Order.API", "Services\Order\FreeCourse.Services.Order.API\FreeCourse.Services.Order.API.csproj", "{AE896839-B356-4823-A6C2-977A82147159}"
EndProject
Project("{FAE04EC0-301F-11D3-BF4B-00C04F79EFBC}") = "FreeCourse.Services.Order.Application", "Services\Order\FreeCourse.Services.Order.Application\FreeCourse.Services.Order.Application.csproj", "{B51A7B92-6FB1-497A-A140-6DC1A4C1BCCA}"
EndProject
Project("{FAE04EC0-301F-11D3-BF4B-00C04F79EFBC}") = "FreeCourse.Services.Order.Domain", "Services\Order\FreeCourse.Services.Order.Domain\FreeCourse.Services.Order.Domain.csproj", "{E97F307C-C386-4203-A51C-49715E29462E}"
EndProject
Project("{FAE04EC0-301F-11D3-BF4B-00C04F79EFBC}") = "FreeCourse.Services.Order.Domain.Core", "Services\Order\FreeCourse.Services.Order.Domain.Core\FreeCourse.Services.Order.Domain.Core.csproj", "{713F72AB-8B63-4225-9A3F-8509E148BC73}"
EndProject
Project("{FAE04EC0-301F-11D3-BF4B-00C04F79EFBC}") = "FreeCourse.Services.Order.Infrastructure", "Services\Order\FreeCourse.Services.Order.Infrastructure\FreeCourse.Services.Order.Infrastructure.csproj", "{1C0CE7D4-B053-4125-97C4-EF50C1DDD9B6}"
EndProject
Global
	GlobalSection(SolutionConfigurationPlatforms) = preSolution
		Debug|Any CPU = Debug|Any CPU
		Release|Any CPU = Release|Any CPU
	EndGlobalSection
	GlobalSection(ProjectConfigurationPlatforms) = postSolution
		{F23AC392-8BFB-4F31-BEF1-4D7E843AA9FE}.Debug|Any CPU.ActiveCfg = Debug|Any CPU
		{F23AC392-8BFB-4F31-BEF1-4D7E843AA9FE}.Debug|Any CPU.Build.0 = Debug|Any CPU
		{F23AC392-8BFB-4F31-BEF1-4D7E843AA9FE}.Release|Any CPU.ActiveCfg = Release|Any CPU
		{F23AC392-8BFB-4F31-BEF1-4D7E843AA9FE}.Release|Any CPU.Build.0 = Release|Any CPU
		{BF8AF2E3-B0E3-47F2-BFE5-4EB53E3F9777}.Debug|Any CPU.ActiveCfg = Debug|Any CPU
		{BF8AF2E3-B0E3-47F2-BFE5-4EB53E3F9777}.Debug|Any CPU.Build.0 = Debug|Any CPU
		{BF8AF2E3-B0E3-47F2-BFE5-4EB53E3F9777}.Release|Any CPU.ActiveCfg = Release|Any CPU
		{BF8AF2E3-B0E3-47F2-BFE5-4EB53E3F9777}.Release|Any CPU.Build.0 = Release|Any CPU
		{EFC5C3F3-266C-4B82-A348-03E15FFC2DC2}.Debug|Any CPU.ActiveCfg = Debug|Any CPU
		{EFC5C3F3-266C-4B82-A348-03E15FFC2DC2}.Debug|Any CPU.Build.0 = Debug|Any CPU
		{EFC5C3F3-266C-4B82-A348-03E15FFC2DC2}.Release|Any CPU.ActiveCfg = Release|Any CPU
		{EFC5C3F3-266C-4B82-A348-03E15FFC2DC2}.Release|Any CPU.Build.0 = Release|Any CPU
		{214BFDB6-D6AD-4308-91E0-7B3A0C09ACCD}.Debug|Any CPU.ActiveCfg = Debug|Any CPU
		{214BFDB6-D6AD-4308-91E0-7B3A0C09ACCD}.Debug|Any CPU.Build.0 = Debug|Any CPU
		{214BFDB6-D6AD-4308-91E0-7B3A0C09ACCD}.Release|Any CPU.ActiveCfg = Release|Any CPU
		{214BFDB6-D6AD-4308-91E0-7B3A0C09ACCD}.Release|Any CPU.Build.0 = Release|Any CPU
		{2F5A32A0-007F-4A7D-8E11-88C5C5AE40F4}.Debug|Any CPU.ActiveCfg = Debug|Any CPU
		{2F5A32A0-007F-4A7D-8E11-88C5C5AE40F4}.Debug|Any CPU.Build.0 = Debug|Any CPU
		{2F5A32A0-007F-4A7D-8E11-88C5C5AE40F4}.Release|Any CPU.ActiveCfg = Release|Any CPU
		{2F5A32A0-007F-4A7D-8E11-88C5C5AE40F4}.Release|Any CPU.Build.0 = Release|Any CPU
		{A4BF555D-C616-4C6B-B66C-29854EC8EF7C}.Debug|Any CPU.ActiveCfg = Debug|Any CPU
		{A4BF555D-C616-4C6B-B66C-29854EC8EF7C}.Debug|Any CPU.Build.0 = Debug|Any CPU
		{A4BF555D-C616-4C6B-B66C-29854EC8EF7C}.Release|Any CPU.ActiveCfg = Release|Any CPU
		{A4BF555D-C616-4C6B-B66C-29854EC8EF7C}.Release|Any CPU.Build.0 = Release|Any CPU
		{AE896839-B356-4823-A6C2-977A82147159}.Debug|Any CPU.ActiveCfg = Debug|Any CPU
		{AE896839-B356-4823-A6C2-977A82147159}.Debug|Any CPU.Build.0 = Debug|Any CPU
		{AE896839-B356-4823-A6C2-977A82147159}.Release|Any CPU.ActiveCfg = Release|Any CPU
		{AE896839-B356-4823-A6C2-977A82147159}.Release|Any CPU.Build.0 = Release|Any CPU
		{B51A7B92-6FB1-497A-A140-6DC1A4C1BCCA}.Debug|Any CPU.ActiveCfg = Debug|Any CPU
		{B51A7B92-6FB1-497A-A140-6DC1A4C1BCCA}.Debug|Any CPU.Build.0 = Debug|Any CPU
		{B51A7B92-6FB1-497A-A140-6DC1A4C1BCCA}.Release|Any CPU.ActiveCfg = Release|Any CPU
		{B51A7B92-6FB1-497A-A140-6DC1A4C1BCCA}.Release|Any CPU.Build.0 = Release|Any CPU
		{E97F307C-C386-4203-A51C-49715E29462E}.Debug|Any CPU.ActiveCfg = Debug|Any CPU
		{E97F307C-C386-4203-A51C-49715E29462E}.Debug|Any CPU.Build.0 = Debug|Any CPU
		{E97F307C-C386-4203-A51C-49715E29462E}.Release|Any CPU.ActiveCfg = Release|Any CPU
		{E97F307C-C386-4203-A51C-49715E29462E}.Release|Any CPU.Build.0 = Release|Any CPU
		{713F72AB-8B63-4225-9A3F-8509E148BC73}.Debug|Any CPU.ActiveCfg = Debug|Any CPU
		{713F72AB-8B63-4225-9A3F-8509E148BC73}.Debug|Any CPU.Build.0 = Debug|Any CPU
		{713F72AB-8B63-4225-9A3F-8509E148BC73}.Release|Any CPU.ActiveCfg = Release|Any CPU
		{713F72AB-8B63-4225-9A3F-8509E148BC73}.Release|Any CPU.Build.0 = Release|Any CPU
		{1C0CE7D4-B053-4125-97C4-EF50C1DDD9B6}.Debug|Any CPU.ActiveCfg = Debug|Any CPU
		{1C0CE7D4-B053-4125-97C4-EF50C1DDD9B6}.Debug|Any CPU.Build.0 = Debug|Any CPU
		{1C0CE7D4-B053-4125-97C4-EF50C1DDD9B6}.Release|Any CPU.ActiveCfg = Release|Any CPU
		{1C0CE7D4-B053-4125-97C4-EF50C1DDD9B6}.Release|Any CPU.Build.0 = Release|Any CPU
	EndGlobalSection
	GlobalSection(SolutionProperties) = preSolution
		HideSolutionNode = FALSE
	EndGlobalSection
	GlobalSection(NestedProjects) = preSolution
		{AB8DC975-DC4D-4EC3-A40D-D43B51A395B1} = {4CD5D3D6-1BA7-41D0-9CB2-7855B0D5F718}
		{F23AC392-8BFB-4F31-BEF1-4D7E843AA9FE} = {A6529704-2D1A-4AEA-BF3F-E2D00C7D1F9F}
		{BF8AF2E3-B0E3-47F2-BFE5-4EB53E3F9777} = {2DCAA287-C2DA-439B-BEAB-159710737F38}
		{EFC5C3F3-266C-4B82-A348-03E15FFC2DC2} = {AB8DC975-DC4D-4EC3-A40D-D43B51A395B1}
		{5C517287-8132-425E-9CB1-B902CC563FAA} = {4CD5D3D6-1BA7-41D0-9CB2-7855B0D5F718}
		{214BFDB6-D6AD-4308-91E0-7B3A0C09ACCD} = {5C517287-8132-425E-9CB1-B902CC563FAA}
		{B0AFB315-2BFA-44A4-8CC7-87586A02A5BC} = {4CD5D3D6-1BA7-41D0-9CB2-7855B0D5F718}
		{2F5A32A0-007F-4A7D-8E11-88C5C5AE40F4} = {B0AFB315-2BFA-44A4-8CC7-87586A02A5BC}
		{2E277017-4A20-4A5F-A628-CF8BDFAE6E92} = {4CD5D3D6-1BA7-41D0-9CB2-7855B0D5F718}
		{A4BF555D-C616-4C6B-B66C-29854EC8EF7C} = {2E277017-4A20-4A5F-A628-CF8BDFAE6E92}
		{A02BAC11-ABF3-498B-9F25-7259CF7DC8BF} = {4CD5D3D6-1BA7-41D0-9CB2-7855B0D5F718}
		{AE896839-B356-4823-A6C2-977A82147159} = {A02BAC11-ABF3-498B-9F25-7259CF7DC8BF}
		{B51A7B92-6FB1-497A-A140-6DC1A4C1BCCA} = {A02BAC11-ABF3-498B-9F25-7259CF7DC8BF}
		{E97F307C-C386-4203-A51C-49715E29462E} = {A02BAC11-ABF3-498B-9F25-7259CF7DC8BF}
		{713F72AB-8B63-4225-9A3F-8509E148BC73} = {A02BAC11-ABF3-498B-9F25-7259CF7DC8BF}
		{1C0CE7D4-B053-4125-97C4-EF50C1DDD9B6} = {A02BAC11-ABF3-498B-9F25-7259CF7DC8BF}
	EndGlobalSection
	GlobalSection(ExtensibilityGlobals) = postSolution
		SolutionGuid = {2F58EC22-D807-49B3-B8FA-3BB7926DC269}
	EndGlobalSection
EndGlobal
